// !$*UTF8*$!
{
	archiveVersion = 1;
	classes = {
	};
	objectVersion = 50;
	objects = {

/* Begin PBXBuildFile section */
		F099B853210303E900C851BE /* AppDelegate.m in Sources */ = {isa = PBXBuildFile; fileRef = F099B852210303E900C851BE /* AppDelegate.m */; };
		F099B856210303E900C851BE /* ViewController.m in Sources */ = {isa = PBXBuildFile; fileRef = F099B855210303E900C851BE /* ViewController.m */; };
		F099B859210303E900C851BE /* Main.storyboard in Resources */ = {isa = PBXBuildFile; fileRef = F099B857210303E900C851BE /* Main.storyboard */; };
		F099B85B210303F300C851BE /* Assets.xcassets in Resources */ = {isa = PBXBuildFile; fileRef = F099B85A210303F300C851BE /* Assets.xcassets */; };
		F099B85E210303F300C851BE /* LaunchScreen.storyboard in Resources */ = {isa = PBXBuildFile; fileRef = F099B85C210303F300C851BE /* LaunchScreen.storyboard */; };
		F099B861210303F300C851BE /* main.m in Sources */ = {isa = PBXBuildFile; fileRef = F099B860210303F300C851BE /* main.m */; };
/* End PBXBuildFile section */

/* Begin PBXFileReference section */
		F099B84E210303E900C851BE /* ViewControllerOrientationDemo.app */ = {isa = PBXFileReference; explicitFileType = wrapper.application; includeInIndex = 0; path = ViewControllerOrientationDemo.app; sourceTree = BUILT_PRODUCTS_DIR; };
		F099B851210303E900C851BE /* AppDelegate.h */ = {isa = PBXFileReference; lastKnownFileType = sourcecode.c.h; path = AppDelegate.h; sourceTree = "<group>"; };
		F099B852210303E900C851BE /* AppDelegate.m */ = {isa = PBXFileReference; lastKnownFileType = sourcecode.c.objc; path = AppDelegate.m; sourceTree = "<group>"; };
		F099B854210303E900C851BE /* ViewController.h */ = {isa = PBXFileReference; lastKnownFileType = sourcecode.c.h; path = ViewController.h; sourceTree = "<group>"; };
		F099B855210303E900C851BE /* ViewController.m */ = {isa = PBXFileReference; lastKnownFileType = sourcecode.c.objc; path = ViewController.m; sourceTree = "<group>"; };
		F099B858210303E900C851BE /* Base */ = {isa = PBXFileReference; lastKnownFileType = file.storyboard; name = Base; path = Base.lproj/Main.storyboard; sourceTree = "<group>"; };
		F099B85A210303F300C851BE /* Assets.xcassets */ = {isa = PBXFileReference; lastKnownFileType = folder.assetcatalog; path = Assets.xcassets; sourceTree = "<group>"; };
		F099B85D210303F300C851BE /* Base */ = {isa = PBXFileReference; lastKnownFileType = file.storyboard; name = Base; path = Base.lproj/LaunchScreen.storyboard; sourceTree = "<group>"; };
		F099B85F210303F300C851BE /* Info.plist */ = {isa = PBXFileReference; lastKnownFileType = text.plist.xml; path = Info.plist; sourceTree = "<group>"; };
		F099B860210303F300C851BE /* main.m */ = {isa = PBXFileReference; lastKnownFileType = sourcecode.c.objc; path = main.m; sourceTree = "<group>"; };
/* End PBXFileReference section */

/* Begin PBXFrameworksBuildPhase section */
		F099B84B210303E900C851BE /* Frameworks */ = {
			isa = PBXFrameworksBuildPhase;
			buildActionMask = 2147483647;
			files = (
			);
			runOnlyForDeploymentPostprocessing = 0;
		};
/* End PBXFrameworksBuildPhase section */

/* Begin PBXGroup section */
		F099B845210303E900C851BE = {
			isa = PBXGroup;
			children = (
				F099B850210303E900C851BE /* ViewControllerOrientationDemo */,
				F099B84F210303E900C851BE /* Products */,
			);
			sourceTree = "<group>";
		};
		F099B84F210303E900C851BE /* Products */ = {
			isa = PBXGroup;
			children = (
				F099B84E210303E900C851BE /* ViewControllerOrientationDemo.app */,
			);
			name = Products;
			sourceTree = "<group>";
		};
		F099B850210303E900C851BE /* ViewControllerOrientationDemo */ = {
			isa = PBXGroup;
			children = (
				F099B851210303E900C851BE /* AppDelegate.h */,
				F099B852210303E900C851BE /* AppDelegate.m */,
				F099B854210303E900C851BE /* ViewController.h */,
				F099B855210303E900C851BE /* ViewController.m */,
				F099B857210303E900C851BE /* Main.storyboard */,
				F099B85A210303F300C851BE /* Assets.xcassets */,
				F099B85C210303F300C851BE /* LaunchScreen.storyboard */,
				F099B85F210303F300C851BE /* Info.plist */,
				F099B860210303F300C851BE /* main.m */,
			);
			path = ViewControllerOrientationDemo;
			sourceTree = "<group>";
		};
/* End PBXGroup section */

/* Begin PBXNativeTarget section */
		F099B84D210303E900C851BE /* ViewControllerOrientationDemo */ = {
			isa = PBXNativeTarget;
			buildConfigurationList = F099B864210303F300C851BE /* Build configuration list for PBXNativeTarget "ViewControllerOrientationDemo" */;
			buildPhases = (
				F099B84A210303E900C851BE /* Sources */,
				F099B84B210303E900C851BE /* Frameworks */,
				F099B84C210303E900C851BE /* Resources */,
			);
			buildRules = (
			);
			dependencies = (
			);
			name = ViewControllerOrientationDemo;
			productName = ViewControllerOrientationDemo;
			productReference = F099B84E210303E900C851BE /* ViewControllerOrientationDemo.app */;
			productType = "com.apple.product-type.application";
		};
/* End PBXNativeTarget section */

/* Begin PBXProject section */
		F099B846210303E900C851BE /* Project object */ = {
			isa = PBXProject;
			attributes = {
				LastUpgradeCheck = 0940;
				ORGANIZATIONNAME = xiang;
				TargetAttributes = {
					F099B84D210303E900C851BE = {
						CreatedOnToolsVersion = 9.4;
					};
				};
			};
			buildConfigurationList = F099B849210303E900C851BE /* Build configuration list for PBXProject "ViewControllerOrientationDemo" */;
			compatibilityVersion = "Xcode 9.3";
			developmentRegion = en;
			hasScannedForEncodings = 0;
			knownRegions = (
				en,
				Base,
			);
			mainGroup = F099B845210303E900C851BE;
			productRefGroup = F099B84F210303E900C851BE /* Products */;
			projectDirPath = "";
			projectRoot = "";
			targets = (
				F099B84D210303E900C851BE /* ViewControllerOrientationDemo */,
			);
		};
/* End PBXProject section */

/* Begin PBXResourcesBuildPhase section */
		F099B84C210303E900C851BE /* Resources */ = {
			isa = PBXResourcesBuildPhase;
			buildActionMask = 2147483647;
			files = (
				F099B85E210303F300C851BE /* LaunchScreen.storyboard in Resources */,
				F099B85B210303F300C851BE /* Assets.xcassets in Resources */,
				F099B859210303E900C851BE /* Main.storyboard in Resources */,
			);
			runOnlyForDeploymentPostprocessing = 0;
		};
/* End PBXResourcesBuildPhase section */

/* Begin PBXSourcesBuildPhase section */
		F099B84A210303E900C851BE /* Sources */ = {
			isa = PBXSourcesBuildPhase;
			buildActionMask = 2147483647;
			files = (
				F099B856210303E900C851BE /* ViewController.m in Sources */,
				F099B861210303F300C851BE /* main.m in Sources */,
				F099B853210303E900C851BE /* AppDelegate.m in Sources */,
			);
			runOnlyForDeploymentPostprocessing = 0;
		};
/* End PBXSourcesBuildPhase section */

/* Begin PBXVariantGroup section */
		F099B857210303E900C851BE /* Main.storyboard */ = {
			isa = PBXVariantGroup;
			children = (
				F099B858210303E900C851BE /* Base */,
			);
			name = Main.storyboard;
			sourceTree = "<group>";
		};
		F099B85C210303F300C851BE /* LaunchScreen.storyboard */ = {
			isa = PBXVariantGroup;
			children = (
				F099B85D210303F300C851BE /* Base */,
			);
			name = LaunchScreen.storyboard;
			sourceTree = "<group>";
		};
/* End PBXVariantGroup section */

/* Begin XCBuildConfiguration section */
		F099B862210303F300C851BE /* Debug */ = {
			isa = XCBuildConfiguration;
			buildSettings = {
				ALWAYS_SEARCH_USER_PATHS = NO;
				CLANG_ANALYZER_NONNULL = YES;
				CLANG_ANALYZER_NUMBER_OBJECT_CONVERSION = YES_AGGRESSIVE;
				CLANG_CXX_LANGUAGE_STANDARD = "gnu++14";
				CLANG_CXX_LIBRARY = "libc++";
				CLANG_ENABLE_MODULES = YES;
				CLANG_ENABLE_OBJC_ARC = YES;
				CLANG_ENABLE_OBJC_WEAK = YES;
				CLANG_WARN_BLOCK_CAPTURE_AUTORELEASING = YES;
				CLANG_WARN_BOOL_CONVERSION = YES;
				CLANG_WARN_COMMA = YES;
				CLANG_WARN_CONSTANT_CONVERSION = YES;
				CLANG_WARN_DEPRECATED_OBJC_IMPLEMENTATIONS = YES;
				CLANG_WARN_DIRECT_OBJC_ISA_USAGE = YES_ERROR;
				CLANG_WARN_DOCUMENTATION_COMMENTS = YES;
				CLANG_WARN_EMPTY_BODY = YES;
				CLANG_WARN_ENUM_CONVERSION = YES;
				CLANG_WARN_INFINITE_RECURSION = YES;
				CLANG_WARN_INT_CONVERSION = YES;
				CLANG_WARN_NON_LITERAL_NULL_CONVERSION = YES;
				CLANG_WARN_OBJC_IMPLICIT_RETAIN_SELF = YES;
				CLANG_WARN_OBJC_LITERAL_CONVERSION = YES;
				CLANG_WARN_OBJC_ROOT_CLASS = YES_ERROR;
				CLANG_WARN_RANGE_LOOP_ANALYSIS = YES;
				CLANG_WARN_STRICT_PROTOTYPES = YES;
				CLANG_WARN_SUSPICIOUS_MOVE = YES;
				CLANG_WARN_UNGUARDED_AVAILABILITY = YES_AGGRESSIVE;
				CLANG_WARN_UNREACHABLE_CODE = YES;
				CLANG_WARN__DUPLICATE_METHOD_MATCH = YES;
				CODE_SIGN_IDENTITY = "iPhone Developer";
				COPY_PHASE_STRIP = NO;
				DEBUG_INFORMATION_FORMAT = dwarf;
				ENABLE_STRICT_OBJC_MSGSEND = YES;
				ENABLE_TESTABILITY = YES;
				GCC_C_LANGUAGE_STANDARD = gnu11;
				GCC_DYNAMIC_NO_PIC = NO;
				GCC_NO_COMMON_BLOCKS = YES;
				GCC_OPTIMIZATION_LEVEL = 0;
				GCC_PREPROCESSOR_DEFINITIONS = (
					"DEBUG=1",
					"$(inherited)",
				);
				GCC_WARN_64_TO_32_BIT_CONVERSION = YES;
				GCC_WARN_ABOUT_RETURN_TYPE = YES_ERROR;
				GCC_WARN_UNDECLARED_SELECTOR = YES;
				GCC_WARN_UNINITIALIZED_AUTOS = YES_AGGRESSIVE;
				GCC_WARN_UNUSED_FUNCTION = YES;
				GCC_WARN_UNUSED_VARIABLE = YES;
				IPHONEOS_DEPLOYMENT_TARGET = 11.4;
				MTL_ENABLE_DEBUG_INFO = YES;
				ONLY_ACTIVE_ARCH = YES;
				SDKROOT = iphoneos;
			};
			name = Debug;
		};
		F099B863210303F300C851BE /* Release */ = {
			isa = XCBuildConfiguration;
			buildSettings = {
				ALWAYS_SEARCH_USER_PATHS = NO;
				CLANG_ANALYZER_NONNULL = YES;
				CLANG_ANALYZER_NUMBER_OBJECT_CONVERSION = YES_AGGRESSIVE;
				CLANG_CXX_LANGUAGE_STANDARD = "gnu++14";
				CLANG_CXX_LIBRARY = "libc++";
				CLANG_ENABLE_MODULES = YES;
				CLANG_ENABLE_OBJC_ARC = YES;
				CLANG_ENABLE_OBJC_WEAK = YES;
				CLANG_WARN_BLOCK_CAPTURE_AUTORELEASING = YES;
				CLANG_WARN_BOOL_CONVERSION = YES;
				CLANG_WARN_COMMA = YES;
				CLANG_WARN_CONSTANT_CONVERSION = YES;
				CLANG_WARN_DEPRECATED_OBJC_IMPLEMENTATIONS = YES;
				CLANG_WARN_DIRECT_OBJC_ISA_USAGE = YES_ERROR;
				CLANG_WARN_DOCUMENTATION_COMMENTS = YES;
				CLANG_WARN_EMPTY_BODY = YES;
				CLANG_WARN_ENUM_CONVERSION = YES;
				CLANG_WARN_INFINITE_RECURSION = YES;
				CLANG_WARN_INT_CONVERSION = YES;
				CLANG_WARN_NON_LITERAL_NULL_CONVERSION = YES;
				CLANG_WARN_OBJC_IMPLICIT_RETAIN_SELF = YES;
				CLANG_WARN_OBJC_LITERAL_CONVERSION = YES;
				CLANG_WARN_OBJC_ROOT_CLASS = YES_ERROR;
				CLANG_WARN_RANGE_LOOP_ANALYSIS = YES;
				CLANG_WARN_STRICT_PROTOTYPES = YES;
				CLANG_WARN_SUSPICIOUS_MOVE = YES;
				CLANG_WARN_UNGUARDED_AVAILABILITY = YES_AGGRESSIVE;
				CLANG_WARN_UNREACHABLE_CODE = YES;
				CLANG_WARN__DUPLICATE_METHOD_MATCH = YES;
				CODE_SIGN_IDENTITY = "iPhone Developer";
				COPY_PHASE_STRIP = NO;
				DEBUG_INFORMATION_FORMAT = "dwarf-with-dsym";
				ENABLE_NS_ASSERTIONS = NO;
				ENABLE_STRICT_OBJC_MSGSEND = YES;
				GCC_C_LANGUAGE_STANDARD = gnu11;
				GCC_NO_COMMON_BLOCKS = YES;
				GCC_WARN_64_TO_32_BIT_CONVERSION = YES;
				GCC_WARN_ABOUT_RETURN_TYPE = YES_ERROR;
				GCC_WARN_UNDECLARED_SELECTOR = YES;
				GCC_WARN_UNINITIALIZED_AUTOS = YES_AGGRESSIVE;
				GCC_WARN_UNUSED_FUNCTION = YES;
				GCC_WARN_UNUSED_VARIABLE = YES;
				IPHONEOS_DEPLOYMENT_TARGET = 11.4;
				MTL_ENABLE_DEBUG_INFO = NO;
				SDKROOT = iphoneos;
				VALIDATE_PRODUCT = YES;
			};
			name = Release;
		};
		F099B865210303F300C851BE /* Debug */ = {
			isa = XCBuildConfiguration;
			buildSettings = {
				ASSETCATALOG_COMPILER_APPICON_NAME = AppIcon;
				CODE_SIGN_STYLE = Automatic;
				DEVELOPMENT_TEAM = YF9RF9Y628;
				INFOPLIST_FILE = ViewControllerOrientationDemo/Info.plist;
				IPHONEOS_DEPLOYMENT_TARGET = 11.0;
				LD_RUNPATH_SEARCH_PATHS = (
					"$(inherited)",
					"@executable_path/Frameworks",
				);
				PRODUCT_BUNDLE_IDENTIFIER = com.xiang.VK;
				PRODUCT_NAME = "$(TARGET_NAME)";
				TARGETED_DEVICE_FAMILY = "1,2";
			};
			name = Debug;
		};
		F099B866210303F300C851BE /* Release */ = {
			isa = XCBuildConfiguration;
			buildSettings = {
				ASSETCATALOG_COMPILER_APPICON_NAME = AppIcon;
				CODE_SIGN_STYLE = Automatic;
				DEVELOPMENT_TEAM = YF9RF9Y628;
				INFOPLIST_FILE = ViewControllerOrientationDemo/Info.plist;
				IPHONEOS_DEPLOYMENT_TARGET = 11.0;
				LD_RUNPATH_SEARCH_PATHS = (
					"$(inherited)",
					"@executable_path/Frameworks",
				);
				PRODUCT_BUNDLE_IDENTIFIER = com.xiang.VK;
				PRODUCT_NAME = "$(TARGET_NAME)";
				TARGETED_DEVICE_FAMILY = "1,2";
			};
			name = Release;
		};
/* End XCBuildConfiguration section */

/* Begin XCConfigurationList section */
		F099B849210303E900C851BE /* Build configuration list for PBXProject "ViewControllerOrientationDemo" */ = {
			isa = XCConfigurationList;
			buildConfigurations = (
				F099B862210303F300C851BE /* Debug */,
				F099B863210303F300C851BE /* Release */,
			);
			defaultConfigurationIsVisible = 0;
			defaultConfigurationName = Release;
		};
		F099B864210303F300C851BE /* Build configuration list for PBXNativeTarget "ViewControllerOrientationDemo" */ = {
			isa = XCConfigurationList;
			buildConfigurations = (
				F099B865210303F300C851BE /* Debug */,
				F099B866210303F300C851BE /* Release */,
			);
			defaultConfigurationIsVisible = 0;
			defaultConfigurationName = Release;
		};
/* End XCConfigurationList section */
	};
	rootObject = F099B846210303E900C851BE /* Project object */;
}
